
Microsoft Visual Studio Solution File, Format Version 12.00
# Visual Studio Version 17
VisualStudioVersion = 17.14.36017.23 d17.14
MinimumVisualStudioVersion = 10.0.40219.1
Project("{FAE04EC0-301F-11D3-BF4B-00C04F79EFBC}") = "KodamCekBaru", "KodamCekBaru\KodamCekBaru.csproj", "{433C0331-396B-4267-AFA9-09C539748740}"
EndProject
Global
	GlobalSection(SolutionConfigurationPlatforms) = preSolution
		Debug|Any CPU = Debug|Any CPU
		Release|Any CPU = Release|Any CPU
	EndGlobalSection
	GlobalSection(ProjectConfigurationPlatforms) = postSolution
		{433C0331-396B-4267-AFA9-09C539748740}.Debug|Any CPU.ActiveCfg = Debug|Any CPU
		{433C0331-396B-4267-AFA9-09C539748740}.Debug|Any CPU.Build.0 = Debug|Any CPU
		{433C0331-396B-4267-AFA9-09C539748740}.Release|Any CPU.ActiveCfg = Release|Any CPU
		{433C0331-396B-4267-AFA9-09C539748740}.Release|Any CPU.Build.0 = Release|Any CPU
	EndGlobalSection
	GlobalSection(SolutionProperties) = preSolution
		HideSolutionNode = FALSE
	EndGlobalSection
	GlobalSection(ExtensibilityGlobals) = postSolution
		SolutionGuid = {6337B41E-6062-452A-98F0-A2F63A86EF53}
	EndGlobalSection
EndGlobal
